// !$*UTF8*$!
{
	archiveVersion = 1;
	classes = {
	};
	objectVersion = 56;
	objects = {

/* Begin PBXBuildFile section */
		B5280B7E2B441FA700469E17 /* Assignment_34App.swift in Sources */ = {isa = PBXBuildFile; fileRef = B5280B7D2B441FA700469E17 /* Assignment_34App.swift */; };
		B5280B802B441FA700469E17 /* MainView.swift in Sources */ = {isa = PBXBuildFile; fileRef = B5280B7F2B441FA700469E17 /* MainView.swift */; };
		B5280B822B441FAA00469E17 /* Assets.xcassets in Resources */ = {isa = PBXBuildFile; fileRef = B5280B812B441FAA00469E17 /* Assets.xcassets */; };
		B5280B852B441FAA00469E17 /* Preview Assets.xcassets in Resources */ = {isa = PBXBuildFile; fileRef = B5280B842B441FAA00469E17 /* Preview Assets.xcassets */; };
		B5280B922B44209D00469E17 /* GenericNetworkManager in Frameworks */ = {isa = PBXBuildFile; productRef = B5280B912B44209D00469E17 /* GenericNetworkManager */; };
		B5280B942B44258B00469E17 /* MainViewModel.swift in Sources */ = {isa = PBXBuildFile; fileRef = B5280B932B44258B00469E17 /* MainViewModel.swift */; };
		B5280B962B4425A300469E17 /* NASAModel.swift in Sources */ = {isa = PBXBuildFile; fileRef = B5280B952B4425A300469E17 /* NASAModel.swift */; };
		B59F105E2B44A9EE00FF6E9D /* CustomCardView.swift in Sources */ = {isa = PBXBuildFile; fileRef = B59F105D2B44A9EE00FF6E9D /* CustomCardView.swift */; };
		B59F10632B44B11700FF6E9D /* MockData.swift in Sources */ = {isa = PBXBuildFile; fileRef = B59F10622B44B11700FF6E9D /* MockData.swift */; };
/* End PBXBuildFile section */

/* Begin PBXFileReference section */
		B5280B7A2B441FA700469E17 /* Assignment-34.app */ = {isa = PBXFileReference; explicitFileType = wrapper.application; includeInIndex = 0; path = "Assignment-34.app"; sourceTree = BUILT_PRODUCTS_DIR; };
		B5280B7D2B441FA700469E17 /* Assignment_34App.swift */ = {isa = PBXFileReference; lastKnownFileType = sourcecode.swift; path = Assignment_34App.swift; sourceTree = "<group>"; };
		B5280B7F2B441FA700469E17 /* MainView.swift */ = {isa = PBXFileReference; lastKnownFileType = sourcecode.swift; path = MainView.swift; sourceTree = "<group>"; };
		B5280B812B441FAA00469E17 /* Assets.xcassets */ = {isa = PBXFileReference; lastKnownFileType = folder.assetcatalog; path = Assets.xcassets; sourceTree = "<group>"; };
		B5280B842B441FAA00469E17 /* Preview Assets.xcassets */ = {isa = PBXFileReference; lastKnownFileType = folder.assetcatalog; path = "Preview Assets.xcassets"; sourceTree = "<group>"; };
		B5280B932B44258B00469E17 /* MainViewModel.swift */ = {isa = PBXFileReference; lastKnownFileType = sourcecode.swift; path = MainViewModel.swift; sourceTree = "<group>"; };
		B5280B952B4425A300469E17 /* NASAModel.swift */ = {isa = PBXFileReference; lastKnownFileType = sourcecode.swift; path = NASAModel.swift; sourceTree = "<group>"; };
		B59F105D2B44A9EE00FF6E9D /* CustomCardView.swift */ = {isa = PBXFileReference; lastKnownFileType = sourcecode.swift; path = CustomCardView.swift; sourceTree = "<group>"; };
		B59F10622B44B11700FF6E9D /* MockData.swift */ = {isa = PBXFileReference; lastKnownFileType = sourcecode.swift; path = MockData.swift; sourceTree = "<group>"; };
/* End PBXFileReference section */

/* Begin PBXFrameworksBuildPhase section */
		B5280B772B441FA700469E17 /* Frameworks */ = {
			isa = PBXFrameworksBuildPhase;
			buildActionMask = 2147483647;
			files = (
				B5280B922B44209D00469E17 /* GenericNetworkManager in Frameworks */,
			);
			runOnlyForDeploymentPostprocessing = 0;
		};
/* End PBXFrameworksBuildPhase section */

/* Begin PBXGroup section */
		B5280B712B441FA700469E17 = {
			isa = PBXGroup;
			children = (
				B5280B7C2B441FA700469E17 /* Assignment-34 */,
				B5280B7B2B441FA700469E17 /* Products */,
			);
			sourceTree = "<group>";
		};
		B5280B7B2B441FA700469E17 /* Products */ = {
			isa = PBXGroup;
			children = (
				B5280B7A2B441FA700469E17 /* Assignment-34.app */,
			);
			name = Products;
			sourceTree = "<group>";
		};
		B5280B7C2B441FA700469E17 /* Assignment-34 */ = {
			isa = PBXGroup;
			children = (
				B5280B8C2B441FDB00469E17 /* App */,
				B5280B8D2B441FE900469E17 /* Models */,
				B5280B8B2B441FD700469E17 /* Screens */,
				B59F105C2B44A93800FF6E9D /* Components */,
				B59F10612B44B10100FF6E9D /* Helpers */,
				B5280B8E2B441FF100469E17 /* Resources */,
				B5280B832B441FAA00469E17 /* Preview Content */,
			);
			path = "Assignment-34";
			sourceTree = "<group>";
		};
		B5280B832B441FAA00469E17 /* Preview Content */ = {
			isa = PBXGroup;
			children = (
				B5280B842B441FAA00469E17 /* Preview Assets.xcassets */,
			);
			path = "Preview Content";
			sourceTree = "<group>";
		};
		B5280B8B2B441FD700469E17 /* Screens */ = {
			isa = PBXGroup;
			children = (
				B5280B8F2B44202D00469E17 /* MainScreen */,
			);
			path = Screens;
			sourceTree = "<group>";
		};
		B5280B8C2B441FDB00469E17 /* App */ = {
			isa = PBXGroup;
			children = (
				B5280B7D2B441FA700469E17 /* Assignment_34App.swift */,
			);
			path = App;
			sourceTree = "<group>";
		};
		B5280B8D2B441FE900469E17 /* Models */ = {
			isa = PBXGroup;
			children = (
				B5280B952B4425A300469E17 /* NASAModel.swift */,
			);
			path = Models;
			sourceTree = "<group>";
		};
		B5280B8E2B441FF100469E17 /* Resources */ = {
			isa = PBXGroup;
			children = (
				B5280B812B441FAA00469E17 /* Assets.xcassets */,
			);
			path = Resources;
			sourceTree = "<group>";
		};
		B5280B8F2B44202D00469E17 /* MainScreen */ = {
			isa = PBXGroup;
			children = (
				B5280B7F2B441FA700469E17 /* MainView.swift */,
				B5280B932B44258B00469E17 /* MainViewModel.swift */,
			);
			path = MainScreen;
			sourceTree = "<group>";
		};
		B59F105C2B44A93800FF6E9D /* Components */ = {
			isa = PBXGroup;
			children = (
				B59F105D2B44A9EE00FF6E9D /* CustomCardView.swift */,
			);
			path = Components;
			sourceTree = "<group>";
		};
		B59F10612B44B10100FF6E9D /* Helpers */ = {
			isa = PBXGroup;
			children = (
				B59F10622B44B11700FF6E9D /* MockData.swift */,
			);
			path = Helpers;
			sourceTree = "<group>";
		};
/* End PBXGroup section */

/* Begin PBXNativeTarget section */
		B5280B792B441FA700469E17 /* Assignment-34 */ = {
			isa = PBXNativeTarget;
			buildConfigurationList = B5280B882B441FAA00469E17 /* Build configuration list for PBXNativeTarget "Assignment-34" */;
			buildPhases = (
				B5280B762B441FA700469E17 /* Sources */,
				B5280B772B441FA700469E17 /* Frameworks */,
				B5280B782B441FA700469E17 /* Resources */,
			);
			buildRules = (
			);
			dependencies = (
			);
			name = "Assignment-34";
			packageProductDependencies = (
				B5280B912B44209D00469E17 /* GenericNetworkManager */,
			);
			productName = "Assignment-34";
			productReference = B5280B7A2B441FA700469E17 /* Assignment-34.app */;
			productType = "com.apple.product-type.application";
		};
/* End PBXNativeTarget section */

/* Begin PBXProject section */
		B5280B722B441FA700469E17 /* Project object */ = {
			isa = PBXProject;
			attributes = {
				BuildIndependentTargetsInParallel = 1;
				LastSwiftUpdateCheck = 1500;
				LastUpgradeCheck = 1500;
				TargetAttributes = {
					B5280B792B441FA700469E17 = {
						CreatedOnToolsVersion = 15.0.1;
					};
				};
			};
			buildConfigurationList = B5280B752B441FA700469E17 /* Build configuration list for PBXProject "Assignment-34" */;
			compatibilityVersion = "Xcode 14.0";
			developmentRegion = en;
			hasScannedForEncodings = 0;
			knownRegions = (
				en,
				Base,
			);
			mainGroup = B5280B712B441FA700469E17;
			packageReferences = (
				B5280B902B44209C00469E17 /* XCRemoteSwiftPackageReference "GenericNetworkManager" */,
			);
			productRefGroup = B5280B7B2B441FA700469E17 /* Products */;
			projectDirPath = "";
			projectRoot = "";
			targets = (
				B5280B792B441FA700469E17 /* Assignment-34 */,
			);
		};
/* End PBXProject section */

/* Begin PBXResourcesBuildPhase section */
		B5280B782B441FA700469E17 /* Resources */ = {
			isa = PBXResourcesBuildPhase;
			buildActionMask = 2147483647;
			files = (
				B5280B852B441FAA00469E17 /* Preview Assets.xcassets in Resources */,
				B5280B822B441FAA00469E17 /* Assets.xcassets in Resources */,
			);
			runOnlyForDeploymentPostprocessing = 0;
		};
/* End PBXResourcesBuildPhase section */

/* Begin PBXSourcesBuildPhase section */
		B5280B762B441FA700469E17 /* Sources */ = {
			isa = PBXSourcesBuildPhase;
			buildActionMask = 2147483647;
			files = (
				B5280B802B441FA700469E17 /* MainView.swift in Sources */,
				B5280B7E2B441FA700469E17 /* Assignment_34App.swift in Sources */,
				B59F105E2B44A9EE00FF6E9D /* CustomCardView.swift in Sources */,
				B5280B962B4425A300469E17 /* NASAModel.swift in Sources */,
				B59F10632B44B11700FF6E9D /* MockData.swift in Sources */,
				B5280B942B44258B00469E17 /* MainViewModel.swift in Sources */,
			);
			runOnlyForDeploymentPostprocessing = 0;
		};
/* End PBXSourcesBuildPhase section */

/* Begin XCBuildConfiguration section */
		B5280B862B441FAA00469E17 /* Debug */ = {
			isa = XCBuildConfiguration;
			buildSettings = {
				ALWAYS_SEARCH_USER_PATHS = NO;
				ASSETCATALOG_COMPILER_GENERATE_SWIFT_ASSET_SYMBOL_EXTENSIONS = YES;
				CLANG_ANALYZER_NONNULL = YES;
				CLANG_ANALYZER_NUMBER_OBJECT_CONVERSION = YES_AGGRESSIVE;
				CLANG_CXX_LANGUAGE_STANDARD = "gnu++20";
				CLANG_ENABLE_MODULES = YES;
				CLANG_ENABLE_OBJC_ARC = YES;
				CLANG_ENABLE_OBJC_WEAK = YES;
				CLANG_WARN_BLOCK_CAPTURE_AUTORELEASING = YES;
				CLANG_WARN_BOOL_CONVERSION = YES;
				CLANG_WARN_COMMA = YES;
				CLANG_WARN_CONSTANT_CONVERSION = YES;
				CLANG_WARN_DEPRECATED_OBJC_IMPLEMENTATIONS = YES;
				CLANG_WARN_DIRECT_OBJC_ISA_USAGE = YES_ERROR;
				CLANG_WARN_DOCUMENTATION_COMMENTS = YES;
				CLANG_WARN_EMPTY_BODY = YES;
				CLANG_WARN_ENUM_CONVERSION = YES;
				CLANG_WARN_INFINITE_RECURSION = YES;
				CLANG_WARN_INT_CONVERSION = YES;
				CLANG_WARN_NON_LITERAL_NULL_CONVERSION = YES;
				CLANG_WARN_OBJC_IMPLICIT_RETAIN_SELF = YES;
				CLANG_WARN_OBJC_LITERAL_CONVERSION = YES;
				CLANG_WARN_OBJC_ROOT_CLASS = YES_ERROR;
				CLANG_WARN_QUOTED_INCLUDE_IN_FRAMEWORK_HEADER = YES;
				CLANG_WARN_RANGE_LOOP_ANALYSIS = YES;
				CLANG_WARN_STRICT_PROTOTYPES = YES;
				CLANG_WARN_SUSPICIOUS_MOVE = YES;
				CLANG_WARN_UNGUARDED_AVAILABILITY = YES_AGGRESSIVE;
				CLANG_WARN_UNREACHABLE_CODE = YES;
				CLANG_WARN__DUPLICATE_METHOD_MATCH = YES;
				COPY_PHASE_STRIP = NO;
				DEBUG_INFORMATION_FORMAT = dwarf;
				ENABLE_STRICT_OBJC_MSGSEND = YES;
				ENABLE_TESTABILITY = YES;
				ENABLE_USER_SCRIPT_SANDBOXING = YES;
				GCC_C_LANGUAGE_STANDARD = gnu17;
				GCC_DYNAMIC_NO_PIC = NO;
				GCC_NO_COMMON_BLOCKS = YES;
				GCC_OPTIMIZATION_LEVEL = 0;
				GCC_PREPROCESSOR_DEFINITIONS = (
					"DEBUG=1",
					"$(inherited)",
				);
				GCC_WARN_64_TO_32_BIT_CONVERSION = YES;
				GCC_WARN_ABOUT_RETURN_TYPE = YES_ERROR;
				GCC_WARN_UNDECLARED_SELECTOR = YES;
				GCC_WARN_UNINITIALIZED_AUTOS = YES_AGGRESSIVE;
				GCC_WARN_UNUSED_FUNCTION = YES;
				GCC_WARN_UNUSED_VARIABLE = YES;
				IPHONEOS_DEPLOYMENT_TARGET = 17.0;
				LOCALIZATION_PREFERS_STRING_CATALOGS = YES;
				MTL_ENABLE_DEBUG_INFO = INCLUDE_SOURCE;
				MTL_FAST_MATH = YES;
				ONLY_ACTIVE_ARCH = YES;
				SDKROOT = iphoneos;
				SWIFT_ACTIVE_COMPILATION_CONDITIONS = "DEBUG $(inherited)";
				SWIFT_OPTIMIZATION_LEVEL = "-Onone";
			};
			name = Debug;
		};
		B5280B872B441FAA00469E17 /* Release */ = {
			isa = XCBuildConfiguration;
			buildSettings = {
				ALWAYS_SEARCH_USER_PATHS = NO;
				ASSETCATALOG_COMPILER_GENERATE_SWIFT_ASSET_SYMBOL_EXTENSIONS = YES;
				CLANG_ANALYZER_NONNULL = YES;
				CLANG_ANALYZER_NUMBER_OBJECT_CONVERSION = YES_AGGRESSIVE;
				CLANG_CXX_LANGUAGE_STANDARD = "gnu++20";
				CLANG_ENABLE_MODULES = YES;
				CLANG_ENABLE_OBJC_ARC = YES;
				CLANG_ENABLE_OBJC_WEAK = YES;
				CLANG_WARN_BLOCK_CAPTURE_AUTORELEASING = YES;
				CLANG_WARN_BOOL_CONVERSION = YES;
				CLANG_WARN_COMMA = YES;
				CLANG_WARN_CONSTANT_CONVERSION = YES;
				CLANG_WARN_DEPRECATED_OBJC_IMPLEMENTATIONS = YES;
				CLANG_WARN_DIRECT_OBJC_ISA_USAGE = YES_ERROR;
				CLANG_WARN_DOCUMENTATION_COMMENTS = YES;
				CLANG_WARN_EMPTY_BODY = YES;
				CLANG_WARN_ENUM_CONVERSION = YES;
				CLANG_WARN_INFINITE_RECURSION = YES;
				CLANG_WARN_INT_CONVERSION = YES;
				CLANG_WARN_NON_LITERAL_NULL_CONVERSION = YES;
				CLANG_WARN_OBJC_IMPLICIT_RETAIN_SELF = YES;
				CLANG_WARN_OBJC_LITERAL_CONVERSION = YES;
				CLANG_WARN_OBJC_ROOT_CLASS = YES_ERROR;
				CLANG_WARN_QUOTED_INCLUDE_IN_FRAMEWORK_HEADER = YES;
				CLANG_WARN_RANGE_LOOP_ANALYSIS = YES;
				CLANG_WARN_STRICT_PROTOTYPES = YES;
				CLANG_WARN_SUSPICIOUS_MOVE = YES;
				CLANG_WARN_UNGUARDED_AVAILABILITY = YES_AGGRESSIVE;
				CLANG_WARN_UNREACHABLE_CODE = YES;
				CLANG_WARN__DUPLICATE_METHOD_MATCH = YES;
				COPY_PHASE_STRIP = NO;
				DEBUG_INFORMATION_FORMAT = "dwarf-with-dsym";
				ENABLE_NS_ASSERTIONS = NO;
				ENABLE_STRICT_OBJC_MSGSEND = YES;
				ENABLE_USER_SCRIPT_SANDBOXING = YES;
				GCC_C_LANGUAGE_STANDARD = gnu17;
				GCC_NO_COMMON_BLOCKS = YES;
				GCC_WARN_64_TO_32_BIT_CONVERSION = YES;
				GCC_WARN_ABOUT_RETURN_TYPE = YES_ERROR;
				GCC_WARN_UNDECLARED_SELECTOR = YES;
				GCC_WARN_UNINITIALIZED_AUTOS = YES_AGGRESSIVE;
				GCC_WARN_UNUSED_FUNCTION = YES;
				GCC_WARN_UNUSED_VARIABLE = YES;
				IPHONEOS_DEPLOYMENT_TARGET = 17.0;
				LOCALIZATION_PREFERS_STRING_CATALOGS = YES;
				MTL_ENABLE_DEBUG_INFO = NO;
				MTL_FAST_MATH = YES;
				SDKROOT = iphoneos;
				SWIFT_COMPILATION_MODE = wholemodule;
				VALIDATE_PRODUCT = YES;
			};
			name = Release;
		};
		B5280B892B441FAA00469E17 /* Debug */ = {
			isa = XCBuildConfiguration;
			buildSettings = {
				ASSETCATALOG_COMPILER_APPICON_NAME = AppIcon;
				ASSETCATALOG_COMPILER_GLOBAL_ACCENT_COLOR_NAME = AccentColor;
				CODE_SIGN_STYLE = Automatic;
				CURRENT_PROJECT_VERSION = 1;
				DEVELOPMENT_ASSET_PATHS = "\"Assignment-34/Preview Content\"";
				DEVELOPMENT_TEAM = XSFWJACHHY;
				ENABLE_PREVIEWS = YES;
				GENERATE_INFOPLIST_FILE = YES;
				INFOPLIST_KEY_UIApplicationSceneManifest_Generation = YES;
				INFOPLIST_KEY_UIApplicationSupportsIndirectInputEvents = YES;
				INFOPLIST_KEY_UILaunchScreen_Generation = YES;
				INFOPLIST_KEY_UISupportedInterfaceOrientations_iPad = "UIInterfaceOrientationPortrait UIInterfaceOrientationPortraitUpsideDown UIInterfaceOrientationLandscapeLeft UIInterfaceOrientationLandscapeRight";
				INFOPLIST_KEY_UISupportedInterfaceOrientations_iPhone = "UIInterfaceOrientationPortrait UIInterfaceOrientationLandscapeLeft UIInterfaceOrientationLandscapeRight";
				LD_RUNPATH_SEARCH_PATHS = (
					"$(inherited)",
					"@executable_path/Frameworks",
				);
				MARKETING_VERSION = 1.0;
				PRODUCT_BUNDLE_IDENTIFIER = "com.ekakelenjeridze.Assignment-34";
				PRODUCT_NAME = "$(TARGET_NAME)";
				SWIFT_EMIT_LOC_STRINGS = YES;
				SWIFT_VERSION = 5.0;
				TARGETED_DEVICE_FAMILY = "1,2";
			};
			name = Debug;
		};
		B5280B8A2B441FAA00469E17 /* Release */ = {
			isa = XCBuildConfiguration;
			buildSettings = {
				ASSETCATALOG_COMPILER_APPICON_NAME = AppIcon;
				ASSETCATALOG_COMPILER_GLOBAL_ACCENT_COLOR_NAME = AccentColor;
				CODE_SIGN_STYLE = Automatic;
				CURRENT_PROJECT_VERSION = 1;
				DEVELOPMENT_ASSET_PATHS = "\"Assignment-34/Preview Content\"";
				DEVELOPMENT_TEAM = XSFWJACHHY;
				ENABLE_PREVIEWS = YES;
				GENERATE_INFOPLIST_FILE = YES;
				INFOPLIST_KEY_UIApplicationSceneManifest_Generation = YES;
				INFOPLIST_KEY_UIApplicationSupportsIndirectInputEvents = YES;
				INFOPLIST_KEY_UILaunchScreen_Generation = YES;
				INFOPLIST_KEY_UISupportedInterfaceOrientations_iPad = "UIInterfaceOrientationPortrait UIInterfaceOrientationPortraitUpsideDown UIInterfaceOrientationLandscapeLeft UIInterfaceOrientationLandscapeRight";
				INFOPLIST_KEY_UISupportedInterfaceOrientations_iPhone = "UIInterfaceOrientationPortrait UIInterfaceOrientationLandscapeLeft UIInterfaceOrientationLandscapeRight";
				LD_RUNPATH_SEARCH_PATHS = (
					"$(inherited)",
					"@executable_path/Frameworks",
				);
				MARKETING_VERSION = 1.0;
				PRODUCT_BUNDLE_IDENTIFIER = "com.ekakelenjeridze.Assignment-34";
				PRODUCT_NAME = "$(TARGET_NAME)";
				SWIFT_EMIT_LOC_STRINGS = YES;
				SWIFT_VERSION = 5.0;
				TARGETED_DEVICE_FAMILY = "1,2";
			};
			name = Release;
		};
/* End XCBuildConfiguration section */

/* Begin XCConfigurationList section */
		B5280B752B441FA700469E17 /* Build configuration list for PBXProject "Assignment-34" */ = {
			isa = XCConfigurationList;
			buildConfigurations = (
				B5280B862B441FAA00469E17 /* Debug */,
				B5280B872B441FAA00469E17 /* Release */,
			);
			defaultConfigurationIsVisible = 0;
			defaultConfigurationName = Release;
		};
		B5280B882B441FAA00469E17 /* Build configuration list for PBXNativeTarget "Assignment-34" */ = {
			isa = XCConfigurationList;
			buildConfigurations = (
				B5280B892B441FAA00469E17 /* Debug */,
				B5280B8A2B441FAA00469E17 /* Release */,
			);
			defaultConfigurationIsVisible = 0;
			defaultConfigurationName = Release;
		};
/* End XCConfigurationList section */

/* Begin XCRemoteSwiftPackageReference section */
		B5280B902B44209C00469E17 /* XCRemoteSwiftPackageReference "GenericNetworkManager" */ = {
			isa = XCRemoteSwiftPackageReference;
			repositoryURL = "https://github.com/ekakele/GenericNetworkManager";
			requirement = {
				kind = upToNextMajorVersion;
				minimumVersion = 0.0.3;
			};
		};
/* End XCRemoteSwiftPackageReference section */

/* Begin XCSwiftPackageProductDependency section */
		B5280B912B44209D00469E17 /* GenericNetworkManager */ = {
			isa = XCSwiftPackageProductDependency;
			package = B5280B902B44209C00469E17 /* XCRemoteSwiftPackageReference "GenericNetworkManager" */;
			productName = GenericNetworkManager;
		};
/* End XCSwiftPackageProductDependency section */
	};
	rootObject = B5280B722B441FA700469E17 /* Project object */;
}
